<?xml version="1.0" encoding="utf-8"?>
<Project ToolsVersion="4.0" xmlns="http://schemas.microsoft.com/developer/msbuild/2003">
  <ItemGroup>
    <ClCompile Include="main.cpp" />
    <ClCompile Include="code\ColorPalette.cpp">
      <Filter>Utils</Filter>
    </ClCompile>
    <ClCompile Include="code\CpuIdw.cpp">
      <Filter>IdwComputors\cpu</Filter>
    </ClCompile>
    <ClCompile Include="code\CpuIdwThreaded.cpp">
      <Filter>IdwComputors\cpu</Filter>
    </ClCompile>
    <ClCompile Include="code\CpuIdwBase.cpp">
      <Filter>IdwComputors\base</Filter>
    </ClCompile>
    <ClCompile Include="code\DataManager.cpp">
      <Filter>Utils</Filter>
    </ClCompile>
    <ClCompile Include="code\FullscreenHelper.cpp">
      <Filter>Utils</Filter>
    </ClCompile>
    <ClCompile Include="code\P2.cpp">
      <Filter>Utils</Filter>
    </ClCompile>
    <ClCompile Include="code\Utils.cpp">
      <Filter>Utils</Filter>
    </ClCompile>
    <ClCompile Include="code\HelpPrint.cpp" />
  </ItemGroup>
  <ItemGroup>
    <Filter Include="IdwComputors">
      <UniqueIdentifier>{b3d5a47f-85d9-4d34-b47b-ce4fc4801f37}</UniqueIdentifier>
    </Filter>
    <Filter Include="Utils">
      <UniqueIdentifier>{ac8ef5a2-b01d-4e11-a240-78a93c8e868b}</UniqueIdentifier>
    </Filter>
    <Filter Include="IdwComputors\cpu">
      <UniqueIdentifier>{aa871941-b14a-4a26-83f9-1fd7d6e241e5}</UniqueIdentifier>
    </Filter>
    <Filter Include="IdwComputors\gpu">
      <UniqueIdentifier>{3f1abfe1-5175-482d-a7de-adca96d51104}</UniqueIdentifier>
    </Filter>
    <Filter Include="IdwComputors\base">
      <UniqueIdentifier>{4e2a27ef-235e-4649-bcae-3d17cdd663a6}</UniqueIdentifier>
    </Filter>
  </ItemGroup>
  <ItemGroup>
    <None Include="packages.config" />
  </ItemGroup>
  <ItemGroup>
    <ClInclude Include="code\ColorPalette.h">
      <Filter>Utils</Filter>
    </ClInclude>
    <ClInclude Include="code\Constants.h">
      <Filter>Utils</Filter>
    </ClInclude>
    <ClInclude Include="code\CpuIdw.h">
      <Filter>IdwComputors\cpu</Filter>
    </ClInclude>
    <ClInclude Include="code\CpuIdwThreaded.h">
      <Filter>IdwComputors\cpu</Filter>
    </ClInclude>
    <ClInclude Include="code\CpuIdwBase.h">
      <Filter>IdwComputors\base</Filter>
    </ClInclude>
    <ClInclude Include="code\DataManager.h">
      <Filter>Utils</Filter>
    </ClInclude>
    <ClInclude Include="code\FontDefinition.h">
      <Filter>Utils</Filter>
    </ClInclude>
    <ClInclude Include="code\FullscreenHelper.h">
      <Filter>Utils</Filter>
    </ClInclude>
    <ClInclude Include="code\GpuIdwBase.cuh">
      <Filter>IdwComputors\base</Filter>
    </ClInclude>
    <ClInclude Include="code\GpuIdwGlobalMemory.cuh">
      <Filter>IdwComputors\gpu</Filter>
    </ClInclude>
    <ClInclude Include="code\GpuIdwTexture.cuh">
      <Filter>IdwComputors\gpu</Filter>
    </ClInclude>
    <ClInclude Include="code\P2.h">
      <Filter>Utils</Filter>
    </ClInclude>
    <ClInclude Include="code\Utils.h">
      <Filter>Utils</Filter>
    </ClInclude>
    <ClInclude Include="code\HelpPrint.h">
      <Filter>Utils</Filter>
    </ClInclude>
  </ItemGroup>
  <ItemGroup>
    <CudaCompile Include="code\GpuIdwBase.cu">
      <Filter>IdwComputors\base</Filter>
    </CudaCompile>
    <CudaCompile Include="code\GpuIdwGlobalMemory.cu">
      <Filter>IdwComputors\gpu</Filter>
    </CudaCompile>
    <CudaCompile Include="code\GpuIdwTexture.cu">
      <Filter>IdwComputors\gpu</Filter>
    </CudaCompile>
  </ItemGroup>
</Project>